
Microsoft Visual Studio Solution File, Format Version 12.00
# Visual Studio Version 16
VisualStudioVersion = 16.0.29123.88
MinimumVisualStudioVersion = 10.0.40219.1
Project("{FAE04EC0-301F-11D3-BF4B-00C04F79EFBC}") = "Online Store API", "Online Store API\Online Store API.csproj", "{561FDC7D-61D4-47F4-B714-1E2ABE750239}"
EndProject
Global
	GlobalSection(SolutionConfigurationPlatforms) = preSolution
		Debug|Any CPU = Debug|Any CPU
		Release|Any CPU = Release|Any CPU
	EndGlobalSection
	GlobalSection(ProjectConfigurationPlatforms) = postSolution
		{561FDC7D-61D4-47F4-B714-1E2ABE750239}.Debug|Any CPU.ActiveCfg = Debug|Any CPU
		{561FDC7D-61D4-47F4-B714-1E2ABE750239}.Debug|Any CPU.Build.0 = Debug|Any CPU
		{561FDC7D-61D4-47F4-B714-1E2ABE750239}.Release|Any CPU.ActiveCfg = Release|Any CPU
		{561FDC7D-61D4-47F4-B714-1E2ABE750239}.Release|Any CPU.Build.0 = Release|Any CPU
	EndGlobalSection
	GlobalSection(SolutionProperties) = preSolution
		HideSolutionNode = FALSE
	EndGlobalSection
	GlobalSection(ExtensibilityGlobals) = postSolution
		SolutionGuid = {3C81B9D1-8EAC-4667-B6E9-6088A9E525DF}
	EndGlobalSection
EndGlobal
